
Microsoft Visual Studio Solution File, Format Version 12.00
# Visual Studio Version 16
VisualStudioVersion = 16.0.29613.14
MinimumVisualStudioVersion = 10.0.40219.1
Project("{FAE04EC0-301F-11D3-BF4B-00C04F79EFBC}") = "VPKSoft.RichTextEdit", "VPKSoft.RichTextEdit\VPKSoft.RichTextEdit.csproj", "{9320C891-8B62-424C-B5F9-7C3D359D15D7}"
EndProject
Project("{FAE04EC0-301F-11D3-BF4B-00C04F79EFBC}") = "TestApp", "TestApp\TestApp.csproj", "{2C41F11C-7FDE-4998-A5BA-B16BDE2B01D3}"
EndProject
Global
	GlobalSection(SolutionConfigurationPlatforms) = preSolution
		Debug|Any CPU = Debug|Any CPU
		Release|Any CPU = Release|Any CPU
	EndGlobalSection
	GlobalSection(ProjectConfigurationPlatforms) = postSolution
		{9320C891-8B62-424C-B5F9-7C3D359D15D7}.Debug|Any CPU.ActiveCfg = Debug|Any CPU
		{9320C891-8B62-424C-B5F9-7C3D359D15D7}.Debug|Any CPU.Build.0 = Debug|Any CPU
		{9320C891-8B62-424C-B5F9-7C3D359D15D7}.Release|Any CPU.ActiveCfg = Release|Any CPU
		{9320C891-8B62-424C-B5F9-7C3D359D15D7}.Release|Any CPU.Build.0 = Release|Any CPU
		{2C41F11C-7FDE-4998-A5BA-B16BDE2B01D3}.Debug|Any CPU.ActiveCfg = Debug|Any CPU
		{2C41F11C-7FDE-4998-A5BA-B16BDE2B01D3}.Debug|Any CPU.Build.0 = Debug|Any CPU
		{2C41F11C-7FDE-4998-A5BA-B16BDE2B01D3}.Release|Any CPU.ActiveCfg = Release|Any CPU
		{2C41F11C-7FDE-4998-A5BA-B16BDE2B01D3}.Release|Any CPU.Build.0 = Release|Any CPU
	EndGlobalSection
	GlobalSection(SolutionProperties) = preSolution
		HideSolutionNode = FALSE
	EndGlobalSection
	GlobalSection(ExtensibilityGlobals) = postSolution
		SolutionGuid = {5BFE6366-C580-4D20-91E3-9D6F32F98C6A}
	EndGlobalSection
EndGlobal
